
Microsoft Visual Studio Solution File, Format Version 12.00
# Visual Studio 14
VisualStudioVersion = 14.0.25420.1
MinimumVisualStudioVersion = 10.0.40219.1
Project("{FAE04EC0-301F-11D3-BF4B-00C04F79EFBC}") = "Task2.Logic", "Task2.Logic\Task2.Logic.csproj", "{8A1D50A0-23A2-4EBE-874F-E6601EA561DF}"
EndProject
Project("{FAE04EC0-301F-11D3-BF4B-00C04F79EFBC}") = "Task2.Logic.Tests", "Task2.Logic.Tests\Task2.Logic.Tests.csproj", "{6CCEEBBF-4CD8-4540-9B55-C171FF2CC647}"
EndProject
Project("{FAE04EC0-301F-11D3-BF4B-00C04F79EFBC}") = "Task1.Logic", "Task1.Logic\Task1.Logic.csproj", "{66B045F6-AE4A-406F-81CF-1CF129A7AB36}"
EndProject
Project("{FAE04EC0-301F-11D3-BF4B-00C04F79EFBC}") = "Task1.ExtensionLogic", "Task1.ExtensionLogic\Task1.ExtensionLogic.csproj", "{FADBE6BA-1493-4C8C-85B0-81EDC88215A2}"
EndProject
Project("{FAE04EC0-301F-11D3-BF4B-00C04F79EFBC}") = "Task1.ExtensionLogicTests", "Task1.ExtensionLogicTests\Task1.ExtensionLogicTests.csproj", "{DBEEC70A-264C-491D-AEE2-0570BBFAE348}"
EndProject
Project("{FAE04EC0-301F-11D3-BF4B-00C04F79EFBC}") = "Task1.LogicTests", "Task1.LogicTests\Task1.LogicTests.csproj", "{5E45FD74-6FFF-464B-A7D5-D82E3F8A4729}"
EndProject
Global
	GlobalSection(SolutionConfigurationPlatforms) = preSolution
		Debug|Any CPU = Debug|Any CPU
		Release|Any CPU = Release|Any CPU
	EndGlobalSection
	GlobalSection(ProjectConfigurationPlatforms) = postSolution
		{8A1D50A0-23A2-4EBE-874F-E6601EA561DF}.Debug|Any CPU.ActiveCfg = Debug|Any CPU
		{8A1D50A0-23A2-4EBE-874F-E6601EA561DF}.Debug|Any CPU.Build.0 = Debug|Any CPU
		{8A1D50A0-23A2-4EBE-874F-E6601EA561DF}.Release|Any CPU.ActiveCfg = Release|Any CPU
		{8A1D50A0-23A2-4EBE-874F-E6601EA561DF}.Release|Any CPU.Build.0 = Release|Any CPU
		{6CCEEBBF-4CD8-4540-9B55-C171FF2CC647}.Debug|Any CPU.ActiveCfg = Debug|Any CPU
		{6CCEEBBF-4CD8-4540-9B55-C171FF2CC647}.Debug|Any CPU.Build.0 = Debug|Any CPU
		{6CCEEBBF-4CD8-4540-9B55-C171FF2CC647}.Release|Any CPU.ActiveCfg = Release|Any CPU
		{6CCEEBBF-4CD8-4540-9B55-C171FF2CC647}.Release|Any CPU.Build.0 = Release|Any CPU
		{66B045F6-AE4A-406F-81CF-1CF129A7AB36}.Debug|Any CPU.ActiveCfg = Debug|Any CPU
		{66B045F6-AE4A-406F-81CF-1CF129A7AB36}.Debug|Any CPU.Build.0 = Debug|Any CPU
		{66B045F6-AE4A-406F-81CF-1CF129A7AB36}.Release|Any CPU.ActiveCfg = Release|Any CPU
		{66B045F6-AE4A-406F-81CF-1CF129A7AB36}.Release|Any CPU.Build.0 = Release|Any CPU
		{FADBE6BA-1493-4C8C-85B0-81EDC88215A2}.Debug|Any CPU.ActiveCfg = Debug|Any CPU
		{FADBE6BA-1493-4C8C-85B0-81EDC88215A2}.Debug|Any CPU.Build.0 = Debug|Any CPU
		{FADBE6BA-1493-4C8C-85B0-81EDC88215A2}.Release|Any CPU.ActiveCfg = Release|Any CPU
		{FADBE6BA-1493-4C8C-85B0-81EDC88215A2}.Release|Any CPU.Build.0 = Release|Any CPU
		{DBEEC70A-264C-491D-AEE2-0570BBFAE348}.Debug|Any CPU.ActiveCfg = Debug|Any CPU
		{DBEEC70A-264C-491D-AEE2-0570BBFAE348}.Debug|Any CPU.Build.0 = Debug|Any CPU
		{DBEEC70A-264C-491D-AEE2-0570BBFAE348}.Release|Any CPU.ActiveCfg = Release|Any CPU
		{DBEEC70A-264C-491D-AEE2-0570BBFAE348}.Release|Any CPU.Build.0 = Release|Any CPU
		{5E45FD74-6FFF-464B-A7D5-D82E3F8A4729}.Debug|Any CPU.ActiveCfg = Debug|Any CPU
		{5E45FD74-6FFF-464B-A7D5-D82E3F8A4729}.Debug|Any CPU.Build.0 = Debug|Any CPU
		{5E45FD74-6FFF-464B-A7D5-D82E3F8A4729}.Release|Any CPU.ActiveCfg = Release|Any CPU
		{5E45FD74-6FFF-464B-A7D5-D82E3F8A4729}.Release|Any CPU.Build.0 = Release|Any CPU
	EndGlobalSection
	GlobalSection(SolutionProperties) = preSolution
		HideSolutionNode = FALSE
	EndGlobalSection
EndGlobal
